
Microsoft Visual Studio Solution File, Format Version 12.00
# Visual Studio Version 17
VisualStudioVersion = 17.0.32014.148
MinimumVisualStudioVersion = 10.0.40219.1
Project("{FAE04EC0-301F-11D3-BF4B-00C04F79EFBC}") = "WebApplication5", "WebApplication5\WebApplication5.csproj", "{F8919ED6-1F23-4C31-99DA-A6F6B905CF4D}"
EndProject
Global
	GlobalSection(SolutionConfigurationPlatforms) = preSolution
		Debug|Any CPU = Debug|Any CPU
		Release|Any CPU = Release|Any CPU
	EndGlobalSection
	GlobalSection(ProjectConfigurationPlatforms) = postSolution
		{F8919ED6-1F23-4C31-99DA-A6F6B905CF4D}.Debug|Any CPU.ActiveCfg = Debug|Any CPU
		{F8919ED6-1F23-4C31-99DA-A6F6B905CF4D}.Debug|Any CPU.Build.0 = Debug|Any CPU
		{F8919ED6-1F23-4C31-99DA-A6F6B905CF4D}.Release|Any CPU.ActiveCfg = Release|Any CPU
		{F8919ED6-1F23-4C31-99DA-A6F6B905CF4D}.Release|Any CPU.Build.0 = Release|Any CPU
	EndGlobalSection
	GlobalSection(SolutionProperties) = preSolution
		HideSolutionNode = FALSE
	EndGlobalSection
	GlobalSection(ExtensibilityGlobals) = postSolution
		SolutionGuid = {9FCA7766-D545-44EC-85FC-344D45ED50A5}
	EndGlobalSection
EndGlobal
